
Microsoft Visual Studio Solution File, Format Version 12.00
# Visual Studio 15
VisualStudioVersion = 15.0.26124.0
MinimumVisualStudioVersion = 15.0.26124.0
Project("{2150E333-8FDC-42A3-9474-1A3956D46DE8}") = "src", "src", "{780F6208-80A3-4779-845E-79FE68B0136B}"
EndProject
Project("{FAE04EC0-301F-11D3-BF4B-00C04F79EFBC}") = "CentralFiniteCurve.Gazorpazorpfield.API", "src\CentralFiniteCurve.Gazorpazorpfield.API\CentralFiniteCurve.Gazorpazorpfield.API.csproj", "{332BD632-4B2A-482B-A049-6BEA0B86B6C7}"
EndProject
Project("{FAE04EC0-301F-11D3-BF4B-00C04F79EFBC}") = "CentralFiniteCurve.Gazorpazorpfield.Domain", "src\CentralFiniteCurve.Gazorpazorpfield.Domain\CentralFiniteCurve.Gazorpazorpfield.Domain.csproj", "{B80CE98C-6750-49BF-92E3-4AB2334EA7B6}"
EndProject
Project("{FAE04EC0-301F-11D3-BF4B-00C04F79EFBC}") = "CentralFiniteCurve.Gazorpazorpfield.Infrastructure", "src\CentralFiniteCurve.Gazorpazorpfield.Infrastructure\CentralFiniteCurve.Gazorpazorpfield.Infrastructure.csproj", "{96E0A132-7C28-4DEA-A61F-CAC9F34B407F}"
EndProject
Project("{2150E333-8FDC-42A3-9474-1A3956D46DE8}") = "test", "test", "{499AEBCE-C7A6-4483-9185-EE9BFB0A8CBD}"
EndProject
Project("{FAE04EC0-301F-11D3-BF4B-00C04F79EFBC}") = "CentralFiniteCurve.Gazorpazorpfield.APITests", "test\CentralFiniteCurve.Gazorpazorpfield.APITests\CentralFiniteCurve.Gazorpazorpfield.APITests.csproj", "{EF9A2FD9-DD6D-43F9-9D97-E54C28172381}"
EndProject
Project("{FAE04EC0-301F-11D3-BF4B-00C04F79EFBC}") = "CentralFiniteCurve.Gazorpazorpfield.DomainTests", "test\CentralFiniteCurve.Gazorpazorpfield.DomainTests\CentralFiniteCurve.Gazorpazorpfield.DomainTests.csproj", "{B0BB19F4-DC90-4E32-9CD0-30CBF059F96B}"
EndProject
Project("{FAE04EC0-301F-11D3-BF4B-00C04F79EFBC}") = "CentralFiniteCurve.Gazorpazorpfield.InfrastructureTests", "test\CentralFiniteCurve.Gazorpazorpfield.InfrastructureTests\CentralFiniteCurve.Gazorpazorpfield.InfrastructureTests.csproj", "{822C72B3-EFFB-4535-A95E-220BB5FB3F3A}"
EndProject
Global
	GlobalSection(SolutionConfigurationPlatforms) = preSolution
		Debug|Any CPU = Debug|Any CPU
		Debug|x64 = Debug|x64
		Debug|x86 = Debug|x86
		Release|Any CPU = Release|Any CPU
		Release|x64 = Release|x64
		Release|x86 = Release|x86
	EndGlobalSection
	GlobalSection(SolutionProperties) = preSolution
		HideSolutionNode = FALSE
	EndGlobalSection
	GlobalSection(ProjectConfigurationPlatforms) = postSolution
		{332BD632-4B2A-482B-A049-6BEA0B86B6C7}.Debug|Any CPU.ActiveCfg = Debug|Any CPU
		{332BD632-4B2A-482B-A049-6BEA0B86B6C7}.Debug|Any CPU.Build.0 = Debug|Any CPU
		{332BD632-4B2A-482B-A049-6BEA0B86B6C7}.Debug|x64.ActiveCfg = Debug|Any CPU
		{332BD632-4B2A-482B-A049-6BEA0B86B6C7}.Debug|x64.Build.0 = Debug|Any CPU
		{332BD632-4B2A-482B-A049-6BEA0B86B6C7}.Debug|x86.ActiveCfg = Debug|Any CPU
		{332BD632-4B2A-482B-A049-6BEA0B86B6C7}.Debug|x86.Build.0 = Debug|Any CPU
		{332BD632-4B2A-482B-A049-6BEA0B86B6C7}.Release|Any CPU.ActiveCfg = Release|Any CPU
		{332BD632-4B2A-482B-A049-6BEA0B86B6C7}.Release|Any CPU.Build.0 = Release|Any CPU
		{332BD632-4B2A-482B-A049-6BEA0B86B6C7}.Release|x64.ActiveCfg = Release|Any CPU
		{332BD632-4B2A-482B-A049-6BEA0B86B6C7}.Release|x64.Build.0 = Release|Any CPU
		{332BD632-4B2A-482B-A049-6BEA0B86B6C7}.Release|x86.ActiveCfg = Release|Any CPU
		{332BD632-4B2A-482B-A049-6BEA0B86B6C7}.Release|x86.Build.0 = Release|Any CPU
		{B80CE98C-6750-49BF-92E3-4AB2334EA7B6}.Debug|Any CPU.ActiveCfg = Debug|Any CPU
		{B80CE98C-6750-49BF-92E3-4AB2334EA7B6}.Debug|Any CPU.Build.0 = Debug|Any CPU
		{B80CE98C-6750-49BF-92E3-4AB2334EA7B6}.Debug|x64.ActiveCfg = Debug|Any CPU
		{B80CE98C-6750-49BF-92E3-4AB2334EA7B6}.Debug|x64.Build.0 = Debug|Any CPU
		{B80CE98C-6750-49BF-92E3-4AB2334EA7B6}.Debug|x86.ActiveCfg = Debug|Any CPU
		{B80CE98C-6750-49BF-92E3-4AB2334EA7B6}.Debug|x86.Build.0 = Debug|Any CPU
		{B80CE98C-6750-49BF-92E3-4AB2334EA7B6}.Release|Any CPU.ActiveCfg = Release|Any CPU
		{B80CE98C-6750-49BF-92E3-4AB2334EA7B6}.Release|Any CPU.Build.0 = Release|Any CPU
		{B80CE98C-6750-49BF-92E3-4AB2334EA7B6}.Release|x64.ActiveCfg = Release|Any CPU
		{B80CE98C-6750-49BF-92E3-4AB2334EA7B6}.Release|x64.Build.0 = Release|Any CPU
		{B80CE98C-6750-49BF-92E3-4AB2334EA7B6}.Release|x86.ActiveCfg = Release|Any CPU
		{B80CE98C-6750-49BF-92E3-4AB2334EA7B6}.Release|x86.Build.0 = Release|Any CPU
		{96E0A132-7C28-4DEA-A61F-CAC9F34B407F}.Debug|Any CPU.ActiveCfg = Debug|Any CPU
		{96E0A132-7C28-4DEA-A61F-CAC9F34B407F}.Debug|Any CPU.Build.0 = Debug|Any CPU
		{96E0A132-7C28-4DEA-A61F-CAC9F34B407F}.Debug|x64.ActiveCfg = Debug|Any CPU
		{96E0A132-7C28-4DEA-A61F-CAC9F34B407F}.Debug|x64.Build.0 = Debug|Any CPU
		{96E0A132-7C28-4DEA-A61F-CAC9F34B407F}.Debug|x86.ActiveCfg = Debug|Any CPU
		{96E0A132-7C28-4DEA-A61F-CAC9F34B407F}.Debug|x86.Build.0 = Debug|Any CPU
		{96E0A132-7C28-4DEA-A61F-CAC9F34B407F}.Release|Any CPU.ActiveCfg = Release|Any CPU
		{96E0A132-7C28-4DEA-A61F-CAC9F34B407F}.Release|Any CPU.Build.0 = Release|Any CPU
		{96E0A132-7C28-4DEA-A61F-CAC9F34B407F}.Release|x64.ActiveCfg = Release|Any CPU
		{96E0A132-7C28-4DEA-A61F-CAC9F34B407F}.Release|x64.Build.0 = Release|Any CPU
		{96E0A132-7C28-4DEA-A61F-CAC9F34B407F}.Release|x86.ActiveCfg = Release|Any CPU
		{96E0A132-7C28-4DEA-A61F-CAC9F34B407F}.Release|x86.Build.0 = Release|Any CPU
		{EF9A2FD9-DD6D-43F9-9D97-E54C28172381}.Debug|Any CPU.ActiveCfg = Debug|Any CPU
		{EF9A2FD9-DD6D-43F9-9D97-E54C28172381}.Debug|Any CPU.Build.0 = Debug|Any CPU
		{EF9A2FD9-DD6D-43F9-9D97-E54C28172381}.Debug|x64.ActiveCfg = Debug|Any CPU
		{EF9A2FD9-DD6D-43F9-9D97-E54C28172381}.Debug|x64.Build.0 = Debug|Any CPU
		{EF9A2FD9-DD6D-43F9-9D97-E54C28172381}.Debug|x86.ActiveCfg = Debug|Any CPU
		{EF9A2FD9-DD6D-43F9-9D97-E54C28172381}.Debug|x86.Build.0 = Debug|Any CPU
		{EF9A2FD9-DD6D-43F9-9D97-E54C28172381}.Release|Any CPU.ActiveCfg = Release|Any CPU
		{EF9A2FD9-DD6D-43F9-9D97-E54C28172381}.Release|Any CPU.Build.0 = Release|Any CPU
		{EF9A2FD9-DD6D-43F9-9D97-E54C28172381}.Release|x64.ActiveCfg = Release|Any CPU
		{EF9A2FD9-DD6D-43F9-9D97-E54C28172381}.Release|x64.Build.0 = Release|Any CPU
		{EF9A2FD9-DD6D-43F9-9D97-E54C28172381}.Release|x86.ActiveCfg = Release|Any CPU
		{EF9A2FD9-DD6D-43F9-9D97-E54C28172381}.Release|x86.Build.0 = Release|Any CPU
		{B0BB19F4-DC90-4E32-9CD0-30CBF059F96B}.Debug|Any CPU.ActiveCfg = Debug|Any CPU
		{B0BB19F4-DC90-4E32-9CD0-30CBF059F96B}.Debug|Any CPU.Build.0 = Debug|Any CPU
		{B0BB19F4-DC90-4E32-9CD0-30CBF059F96B}.Debug|x64.ActiveCfg = Debug|Any CPU
		{B0BB19F4-DC90-4E32-9CD0-30CBF059F96B}.Debug|x64.Build.0 = Debug|Any CPU
		{B0BB19F4-DC90-4E32-9CD0-30CBF059F96B}.Debug|x86.ActiveCfg = Debug|Any CPU
		{B0BB19F4-DC90-4E32-9CD0-30CBF059F96B}.Debug|x86.Build.0 = Debug|Any CPU
		{B0BB19F4-DC90-4E32-9CD0-30CBF059F96B}.Release|Any CPU.ActiveCfg = Release|Any CPU
		{B0BB19F4-DC90-4E32-9CD0-30CBF059F96B}.Release|Any CPU.Build.0 = Release|Any CPU
		{B0BB19F4-DC90-4E32-9CD0-30CBF059F96B}.Release|x64.ActiveCfg = Release|Any CPU
		{B0BB19F4-DC90-4E32-9CD0-30CBF059F96B}.Release|x64.Build.0 = Release|Any CPU
		{B0BB19F4-DC90-4E32-9CD0-30CBF059F96B}.Release|x86.ActiveCfg = Release|Any CPU
		{B0BB19F4-DC90-4E32-9CD0-30CBF059F96B}.Release|x86.Build.0 = Release|Any CPU
		{822C72B3-EFFB-4535-A95E-220BB5FB3F3A}.Debug|Any CPU.ActiveCfg = Debug|Any CPU
		{822C72B3-EFFB-4535-A95E-220BB5FB3F3A}.Debug|Any CPU.Build.0 = Debug|Any CPU
		{822C72B3-EFFB-4535-A95E-220BB5FB3F3A}.Debug|x64.ActiveCfg = Debug|Any CPU
		{822C72B3-EFFB-4535-A95E-220BB5FB3F3A}.Debug|x64.Build.0 = Debug|Any CPU
		{822C72B3-EFFB-4535-A95E-220BB5FB3F3A}.Debug|x86.ActiveCfg = Debug|Any CPU
		{822C72B3-EFFB-4535-A95E-220BB5FB3F3A}.Debug|x86.Build.0 = Debug|Any CPU
		{822C72B3-EFFB-4535-A95E-220BB5FB3F3A}.Release|Any CPU.ActiveCfg = Release|Any CPU
		{822C72B3-EFFB-4535-A95E-220BB5FB3F3A}.Release|Any CPU.Build.0 = Release|Any CPU
		{822C72B3-EFFB-4535-A95E-220BB5FB3F3A}.Release|x64.ActiveCfg = Release|Any CPU
		{822C72B3-EFFB-4535-A95E-220BB5FB3F3A}.Release|x64.Build.0 = Release|Any CPU
		{822C72B3-EFFB-4535-A95E-220BB5FB3F3A}.Release|x86.ActiveCfg = Release|Any CPU
		{822C72B3-EFFB-4535-A95E-220BB5FB3F3A}.Release|x86.Build.0 = Release|Any CPU
	EndGlobalSection
	GlobalSection(NestedProjects) = preSolution
		{332BD632-4B2A-482B-A049-6BEA0B86B6C7} = {780F6208-80A3-4779-845E-79FE68B0136B}
		{B80CE98C-6750-49BF-92E3-4AB2334EA7B6} = {780F6208-80A3-4779-845E-79FE68B0136B}
		{96E0A132-7C28-4DEA-A61F-CAC9F34B407F} = {780F6208-80A3-4779-845E-79FE68B0136B}
		{EF9A2FD9-DD6D-43F9-9D97-E54C28172381} = {499AEBCE-C7A6-4483-9185-EE9BFB0A8CBD}
		{B0BB19F4-DC90-4E32-9CD0-30CBF059F96B} = {499AEBCE-C7A6-4483-9185-EE9BFB0A8CBD}
		{822C72B3-EFFB-4535-A95E-220BB5FB3F3A} = {499AEBCE-C7A6-4483-9185-EE9BFB0A8CBD}
	EndGlobalSection
EndGlobal
